
Microsoft Visual Studio Solution File, Format Version 12.00
# Visual Studio Version 17
VisualStudioVersion = 17.4.33213.308
MinimumVisualStudioVersion = 10.0.40219.1
Project("{54A90642-561A-4BB1-A94E-469ADEE60C69}") = "frontend", "frontend.esproj", "{F7444F8F-4199-46BD-83B9-71523BA9DFAE}"
EndProject
Project("{FAE04EC0-301F-11D3-BF4B-00C04F79EFBC}") = "backend", "..\backend\backend.csproj", "{506446B3-5583-49E6-941A-EFDF822C3940}"
EndProject
Global
	GlobalSection(SolutionConfigurationPlatforms) = preSolution
		Debug|Any CPU = Debug|Any CPU
		Release|Any CPU = Release|Any CPU
	EndGlobalSection
	GlobalSection(ProjectConfigurationPlatforms) = postSolution
		{F7444F8F-4199-46BD-83B9-71523BA9DFAE}.Debug|Any CPU.ActiveCfg = Debug|Any CPU
		{F7444F8F-4199-46BD-83B9-71523BA9DFAE}.Debug|Any CPU.Build.0 = Debug|Any CPU
		{F7444F8F-4199-46BD-83B9-71523BA9DFAE}.Debug|Any CPU.Deploy.0 = Debug|Any CPU
		{F7444F8F-4199-46BD-83B9-71523BA9DFAE}.Release|Any CPU.ActiveCfg = Release|Any CPU
		{F7444F8F-4199-46BD-83B9-71523BA9DFAE}.Release|Any CPU.Build.0 = Release|Any CPU
		{F7444F8F-4199-46BD-83B9-71523BA9DFAE}.Release|Any CPU.Deploy.0 = Release|Any CPU
		{506446B3-5583-49E6-941A-EFDF822C3940}.Debug|Any CPU.ActiveCfg = Debug|Any CPU
		{506446B3-5583-49E6-941A-EFDF822C3940}.Debug|Any CPU.Build.0 = Debug|Any CPU
		{506446B3-5583-49E6-941A-EFDF822C3940}.Release|Any CPU.ActiveCfg = Release|Any CPU
		{506446B3-5583-49E6-941A-EFDF822C3940}.Release|Any CPU.Build.0 = Release|Any CPU
	EndGlobalSection
	GlobalSection(SolutionProperties) = preSolution
		HideSolutionNode = FALSE
	EndGlobalSection
	GlobalSection(ExtensibilityGlobals) = postSolution
		SolutionGuid = {E9F23548-165B-429B-AEEA-D640D21D5144}
	EndGlobalSection
EndGlobal
